// !$*UTF8*$!
{
	archiveVersion = 1;
	classes = {
	};
	objectVersion = 56;
	objects = {

/* Begin PBXBuildFile section */
		EFAF85EE29531C0A0074E425 /* AppDelegate.m in Sources */ = {isa = PBXBuildFile; fileRef = EFAF85ED29531C0A0074E425 /* AppDelegate.m */; };
		EFAF85F129531C0A0074E425 /* SceneDelegate.m in Sources */ = {isa = PBXBuildFile; fileRef = EFAF85F029531C0A0074E425 /* SceneDelegate.m */; };
		EFAF85F429531C0A0074E425 /* ViewController.m in Sources */ = {isa = PBXBuildFile; fileRef = EFAF85F329531C0A0074E425 /* ViewController.m */; };
		EFAF85F729531C0A0074E425 /* Main.storyboard in Resources */ = {isa = PBXBuildFile; fileRef = EFAF85F529531C0A0074E425 /* Main.storyboard */; };
		EFAF85F929531C0C0074E425 /* Assets.xcassets in Resources */ = {isa = PBXBuildFile; fileRef = EFAF85F829531C0C0074E425 /* Assets.xcassets */; };
		EFAF85FC29531C0C0074E425 /* LaunchScreen.storyboard in Resources */ = {isa = PBXBuildFile; fileRef = EFAF85FA29531C0C0074E425 /* LaunchScreen.storyboard */; };
		EFAF85FF29531C0C0074E425 /* main.m in Sources */ = {isa = PBXBuildFile; fileRef = EFAF85FE29531C0C0074E425 /* main.m */; };
		EFAF860729531C430074E425 /* MPPBFaceGeometry.framework in Frameworks */ = {isa = PBXBuildFile; fileRef = EFAF860529531C430074E425 /* MPPBFaceGeometry.framework */; };
		EFAF860829531C430074E425 /* MPPBHand.framework in Frameworks */ = {isa = PBXBuildFile; fileRef = EFAF860629531C430074E425 /* MPPBHand.framework */; };
/* End PBXBuildFile section */

/* Begin PBXFileReference section */
		EFAF85E929531C0A0074E425 /* DoubleFrameworkTest.app */ = {isa = PBXFileReference; explicitFileType = wrapper.application; includeInIndex = 0; path = DoubleFrameworkTest.app; sourceTree = BUILT_PRODUCTS_DIR; };
		EFAF85EC29531C0A0074E425 /* AppDelegate.h */ = {isa = PBXFileReference; lastKnownFileType = sourcecode.c.h; path = AppDelegate.h; sourceTree = "<group>"; };
		EFAF85ED29531C0A0074E425 /* AppDelegate.m */ = {isa = PBXFileReference; lastKnownFileType = sourcecode.c.objc; path = AppDelegate.m; sourceTree = "<group>"; };
		EFAF85EF29531C0A0074E425 /* SceneDelegate.h */ = {isa = PBXFileReference; lastKnownFileType = sourcecode.c.h; path = SceneDelegate.h; sourceTree = "<group>"; };
		EFAF85F029531C0A0074E425 /* SceneDelegate.m */ = {isa = PBXFileReference; lastKnownFileType = sourcecode.c.objc; path = SceneDelegate.m; sourceTree = "<group>"; };
		EFAF85F229531C0A0074E425 /* ViewController.h */ = {isa = PBXFileReference; lastKnownFileType = sourcecode.c.h; path = ViewController.h; sourceTree = "<group>"; };
		EFAF85F329531C0A0074E425 /* ViewController.m */ = {isa = PBXFileReference; lastKnownFileType = sourcecode.c.objc; path = ViewController.m; sourceTree = "<group>"; };
		EFAF85F629531C0A0074E425 /* Base */ = {isa = PBXFileReference; lastKnownFileType = file.storyboard; name = Base; path = Base.lproj/Main.storyboard; sourceTree = "<group>"; };
		EFAF85F829531C0C0074E425 /* Assets.xcassets */ = {isa = PBXFileReference; lastKnownFileType = folder.assetcatalog; path = Assets.xcassets; sourceTree = "<group>"; };
		EFAF85FB29531C0C0074E425 /* Base */ = {isa = PBXFileReference; lastKnownFileType = file.storyboard; name = Base; path = Base.lproj/LaunchScreen.storyboard; sourceTree = "<group>"; };
		EFAF85FD29531C0C0074E425 /* Info.plist */ = {isa = PBXFileReference; lastKnownFileType = text.plist.xml; path = Info.plist; sourceTree = "<group>"; };
		EFAF85FE29531C0C0074E425 /* main.m */ = {isa = PBXFileReference; lastKnownFileType = sourcecode.c.objc; path = main.m; sourceTree = "<group>"; };
		EFAF860529531C430074E425 /* MPPBFaceGeometry.framework */ = {isa = PBXFileReference; lastKnownFileType = wrapper.framework; path = MPPBFaceGeometry.framework; sourceTree = "<group>"; };
		EFAF860629531C430074E425 /* MPPBHand.framework */ = {isa = PBXFileReference; lastKnownFileType = wrapper.framework; path = MPPBHand.framework; sourceTree = "<group>"; };
/* End PBXFileReference section */

/* Begin PBXFrameworksBuildPhase section */
		EFAF85E629531C0A0074E425 /* Frameworks */ = {
			isa = PBXFrameworksBuildPhase;
			buildActionMask = 2147483647;
			files = (
				EFAF860829531C430074E425 /* MPPBHand.framework in Frameworks */,
				EFAF860729531C430074E425 /* MPPBFaceGeometry.framework in Frameworks */,
			);
			runOnlyForDeploymentPostprocessing = 0;
		};
/* End PBXFrameworksBuildPhase section */

/* Begin PBXGroup section */
		EFAF85E029531C0A0074E425 = {
			isa = PBXGroup;
			children = (
				EFAF85EB29531C0A0074E425 /* DoubleFrameworkTest */,
				EFAF85EA29531C0A0074E425 /* Products */,
			);
			sourceTree = "<group>";
		};
		EFAF85EA29531C0A0074E425 /* Products */ = {
			isa = PBXGroup;
			children = (
				EFAF85E929531C0A0074E425 /* DoubleFrameworkTest.app */,
			);
			name = Products;
			sourceTree = "<group>";
		};
		EFAF85EB29531C0A0074E425 /* DoubleFrameworkTest */ = {
			isa = PBXGroup;
			children = (
				EFAF860529531C430074E425 /* MPPBFaceGeometry.framework */,
				EFAF860629531C430074E425 /* MPPBHand.framework */,
				EFAF85EC29531C0A0074E425 /* AppDelegate.h */,
				EFAF85ED29531C0A0074E425 /* AppDelegate.m */,
				EFAF85EF29531C0A0074E425 /* SceneDelegate.h */,
				EFAF85F029531C0A0074E425 /* SceneDelegate.m */,
				EFAF85F229531C0A0074E425 /* ViewController.h */,
				EFAF85F329531C0A0074E425 /* ViewController.m */,
				EFAF85F529531C0A0074E425 /* Main.storyboard */,
				EFAF85F829531C0C0074E425 /* Assets.xcassets */,
				EFAF85FA29531C0C0074E425 /* LaunchScreen.storyboard */,
				EFAF85FD29531C0C0074E425 /* Info.plist */,
				EFAF85FE29531C0C0074E425 /* main.m */,
			);
			path = DoubleFrameworkTest;
			sourceTree = "<group>";
		};
/* End PBXGroup section */

/* Begin PBXHeadersBuildPhase section */
		EFAF860929531C4E0074E425 /* Headers */ = {
			isa = PBXHeadersBuildPhase;
			buildActionMask = 2147483647;
			files = (
			);
			runOnlyForDeploymentPostprocessing = 0;
		};
/* End PBXHeadersBuildPhase section */

/* Begin PBXNativeTarget section */
		EFAF85E829531C0A0074E425 /* DoubleFrameworkTest */ = {
			isa = PBXNativeTarget;
			buildConfigurationList = EFAF860229531C0C0074E425 /* Build configuration list for PBXNativeTarget "DoubleFrameworkTest" */;
			buildPhases = (
				EFAF860929531C4E0074E425 /* Headers */,
				EFAF85E529531C0A0074E425 /* Sources */,
				EFAF85E629531C0A0074E425 /* Frameworks */,
				EFAF85E729531C0A0074E425 /* Resources */,
			);
			buildRules = (
			);
			dependencies = (
			);
			name = DoubleFrameworkTest;
			productName = DoubleFrameworkTest;
			productReference = EFAF85E929531C0A0074E425 /* DoubleFrameworkTest.app */;
			productType = "com.apple.product-type.application";
		};
/* End PBXNativeTarget section */

/* Begin PBXProject section */
		EFAF85E129531C0A0074E425 /* Project object */ = {
			isa = PBXProject;
			attributes = {
				BuildIndependentTargetsInParallel = 1;
				LastUpgradeCheck = 1400;
				TargetAttributes = {
					EFAF85E829531C0A0074E425 = {
						CreatedOnToolsVersion = 14.0.1;
					};
				};
			};
			buildConfigurationList = EFAF85E429531C0A0074E425 /* Build configuration list for PBXProject "DoubleFrameworkTest" */;
			compatibilityVersion = "Xcode 14.0";
			developmentRegion = en;
			hasScannedForEncodings = 0;
			knownRegions = (
				en,
				Base,
			);
			mainGroup = EFAF85E029531C0A0074E425;
			productRefGroup = EFAF85EA29531C0A0074E425 /* Products */;
			projectDirPath = "";
			projectRoot = "";
			targets = (
				EFAF85E829531C0A0074E425 /* DoubleFrameworkTest */,
			);
		};
/* End PBXProject section */

/* Begin PBXResourcesBuildPhase section */
		EFAF85E729531C0A0074E425 /* Resources */ = {
			isa = PBXResourcesBuildPhase;
			buildActionMask = 2147483647;
			files = (
				EFAF85FC29531C0C0074E425 /* LaunchScreen.storyboard in Resources */,
				EFAF85F929531C0C0074E425 /* Assets.xcassets in Resources */,
				EFAF85F729531C0A0074E425 /* Main.storyboard in Resources */,
			);
			runOnlyForDeploymentPostprocessing = 0;
		};
/* End PBXResourcesBuildPhase section */

/* Begin PBXSourcesBuildPhase section */
		EFAF85E529531C0A0074E425 /* Sources */ = {
			isa = PBXSourcesBuildPhase;
			buildActionMask = 2147483647;
			files = (
				EFAF85F429531C0A0074E425 /* ViewController.m in Sources */,
				EFAF85EE29531C0A0074E425 /* AppDelegate.m in Sources */,
				EFAF85FF29531C0C0074E425 /* main.m in Sources */,
				EFAF85F129531C0A0074E425 /* SceneDelegate.m in Sources */,
			);
			runOnlyForDeploymentPostprocessing = 0;
		};
/* End PBXSourcesBuildPhase section */

/* Begin PBXVariantGroup section */
		EFAF85F529531C0A0074E425 /* Main.storyboard */ = {
			isa = PBXVariantGroup;
			children = (
				EFAF85F629531C0A0074E425 /* Base */,
			);
			name = Main.storyboard;
			sourceTree = "<group>";
		};
		EFAF85FA29531C0C0074E425 /* LaunchScreen.storyboard */ = {
			isa = PBXVariantGroup;
			children = (
				EFAF85FB29531C0C0074E425 /* Base */,
			);
			name = LaunchScreen.storyboard;
			sourceTree = "<group>";
		};
/* End PBXVariantGroup section */

/* Begin XCBuildConfiguration section */
		EFAF860029531C0C0074E425 /* Debug */ = {
			isa = XCBuildConfiguration;
			buildSettings = {
				ALWAYS_SEARCH_USER_PATHS = NO;
				CLANG_ANALYZER_NONNULL = YES;
				CLANG_ANALYZER_NUMBER_OBJECT_CONVERSION = YES_AGGRESSIVE;
				CLANG_CXX_LANGUAGE_STANDARD = "gnu++20";
				CLANG_ENABLE_MODULES = YES;
				CLANG_ENABLE_OBJC_ARC = YES;
				CLANG_ENABLE_OBJC_WEAK = YES;
				CLANG_WARN_BLOCK_CAPTURE_AUTORELEASING = YES;
				CLANG_WARN_BOOL_CONVERSION = YES;
				CLANG_WARN_COMMA = YES;
				CLANG_WARN_CONSTANT_CONVERSION = YES;
				CLANG_WARN_DEPRECATED_OBJC_IMPLEMENTATIONS = YES;
				CLANG_WARN_DIRECT_OBJC_ISA_USAGE = YES_ERROR;
				CLANG_WARN_DOCUMENTATION_COMMENTS = YES;
				CLANG_WARN_EMPTY_BODY = YES;
				CLANG_WARN_ENUM_CONVERSION = YES;
				CLANG_WARN_INFINITE_RECURSION = YES;
				CLANG_WARN_INT_CONVERSION = YES;
				CLANG_WARN_NON_LITERAL_NULL_CONVERSION = YES;
				CLANG_WARN_OBJC_IMPLICIT_RETAIN_SELF = YES;
				CLANG_WARN_OBJC_LITERAL_CONVERSION = YES;
				CLANG_WARN_OBJC_ROOT_CLASS = YES_ERROR;
				CLANG_WARN_QUOTED_INCLUDE_IN_FRAMEWORK_HEADER = YES;
				CLANG_WARN_RANGE_LOOP_ANALYSIS = YES;
				CLANG_WARN_STRICT_PROTOTYPES = YES;
				CLANG_WARN_SUSPICIOUS_MOVE = YES;
				CLANG_WARN_UNGUARDED_AVAILABILITY = YES_AGGRESSIVE;
				CLANG_WARN_UNREACHABLE_CODE = YES;
				CLANG_WARN__DUPLICATE_METHOD_MATCH = YES;
				COPY_PHASE_STRIP = NO;
				DEBUG_INFORMATION_FORMAT = dwarf;
				ENABLE_STRICT_OBJC_MSGSEND = YES;
				ENABLE_TESTABILITY = YES;
				GCC_C_LANGUAGE_STANDARD = gnu11;
				GCC_DYNAMIC_NO_PIC = NO;
				GCC_NO_COMMON_BLOCKS = YES;
				GCC_OPTIMIZATION_LEVEL = 0;
				GCC_PREPROCESSOR_DEFINITIONS = (
					"DEBUG=1",
					"$(inherited)",
				);
				GCC_WARN_64_TO_32_BIT_CONVERSION = YES;
				GCC_WARN_ABOUT_RETURN_TYPE = YES_ERROR;
				GCC_WARN_UNDECLARED_SELECTOR = YES;
				GCC_WARN_UNINITIALIZED_AUTOS = YES_AGGRESSIVE;
				GCC_WARN_UNUSED_FUNCTION = YES;
				GCC_WARN_UNUSED_VARIABLE = YES;
				IPHONEOS_DEPLOYMENT_TARGET = 16.0;
				MTL_ENABLE_DEBUG_INFO = INCLUDE_SOURCE;
				MTL_FAST_MATH = YES;
				ONLY_ACTIVE_ARCH = YES;
				SDKROOT = iphoneos;
			};
			name = Debug;
		};
		EFAF860129531C0C0074E425 /* Release */ = {
			isa = XCBuildConfiguration;
			buildSettings = {
				ALWAYS_SEARCH_USER_PATHS = NO;
				CLANG_ANALYZER_NONNULL = YES;
				CLANG_ANALYZER_NUMBER_OBJECT_CONVERSION = YES_AGGRESSIVE;
				CLANG_CXX_LANGUAGE_STANDARD = "gnu++20";
				CLANG_ENABLE_MODULES = YES;
				CLANG_ENABLE_OBJC_ARC = YES;
				CLANG_ENABLE_OBJC_WEAK = YES;
				CLANG_WARN_BLOCK_CAPTURE_AUTORELEASING = YES;
				CLANG_WARN_BOOL_CONVERSION = YES;
				CLANG_WARN_COMMA = YES;
				CLANG_WARN_CONSTANT_CONVERSION = YES;
				CLANG_WARN_DEPRECATED_OBJC_IMPLEMENTATIONS = YES;
				CLANG_WARN_DIRECT_OBJC_ISA_USAGE = YES_ERROR;
				CLANG_WARN_DOCUMENTATION_COMMENTS = YES;
				CLANG_WARN_EMPTY_BODY = YES;
				CLANG_WARN_ENUM_CONVERSION = YES;
				CLANG_WARN_INFINITE_RECURSION = YES;
				CLANG_WARN_INT_CONVERSION = YES;
				CLANG_WARN_NON_LITERAL_NULL_CONVERSION = YES;
				CLANG_WARN_OBJC_IMPLICIT_RETAIN_SELF = YES;
				CLANG_WARN_OBJC_LITERAL_CONVERSION = YES;
				CLANG_WARN_OBJC_ROOT_CLASS = YES_ERROR;
				CLANG_WARN_QUOTED_INCLUDE_IN_FRAMEWORK_HEADER = YES;
				CLANG_WARN_RANGE_LOOP_ANALYSIS = YES;
				CLANG_WARN_STRICT_PROTOTYPES = YES;
				CLANG_WARN_SUSPICIOUS_MOVE = YES;
				CLANG_WARN_UNGUARDED_AVAILABILITY = YES_AGGRESSIVE;
				CLANG_WARN_UNREACHABLE_CODE = YES;
				CLANG_WARN__DUPLICATE_METHOD_MATCH = YES;
				COPY_PHASE_STRIP = NO;
				DEBUG_INFORMATION_FORMAT = "dwarf-with-dsym";
				ENABLE_NS_ASSERTIONS = NO;
				ENABLE_STRICT_OBJC_MSGSEND = YES;
				GCC_C_LANGUAGE_STANDARD = gnu11;
				GCC_NO_COMMON_BLOCKS = YES;
				GCC_WARN_64_TO_32_BIT_CONVERSION = YES;
				GCC_WARN_ABOUT_RETURN_TYPE = YES_ERROR;
				GCC_WARN_UNDECLARED_SELECTOR = YES;
				GCC_WARN_UNINITIALIZED_AUTOS = YES_AGGRESSIVE;
				GCC_WARN_UNUSED_FUNCTION = YES;
				GCC_WARN_UNUSED_VARIABLE = YES;
				IPHONEOS_DEPLOYMENT_TARGET = 16.0;
				MTL_ENABLE_DEBUG_INFO = NO;
				MTL_FAST_MATH = YES;
				SDKROOT = iphoneos;
				VALIDATE_PRODUCT = YES;
			};
			name = Release;
		};
		EFAF860329531C0C0074E425 /* Debug */ = {
			isa = XCBuildConfiguration;
			buildSettings = {
				ASSETCATALOG_COMPILER_APPICON_NAME = AppIcon;
				ASSETCATALOG_COMPILER_GLOBAL_ACCENT_COLOR_NAME = AccentColor;
				CODE_SIGN_STYLE = Automatic;
				CURRENT_PROJECT_VERSION = 1;
				DEVELOPMENT_TEAM = HCLZN9YYR4;
				FRAMEWORK_SEARCH_PATHS = (
					"$(inherited)",
					"$(PROJECT_DIR)/DoubleFrameworkTest",
				);
				GENERATE_INFOPLIST_FILE = YES;
				INFOPLIST_FILE = DoubleFrameworkTest/Info.plist;
				INFOPLIST_KEY_UIApplicationSupportsIndirectInputEvents = YES;
				INFOPLIST_KEY_UILaunchStoryboardName = LaunchScreen;
				INFOPLIST_KEY_UIMainStoryboardFile = Main;
				INFOPLIST_KEY_UISupportedInterfaceOrientations_iPad = "UIInterfaceOrientationPortrait UIInterfaceOrientationPortraitUpsideDown UIInterfaceOrientationLandscapeLeft UIInterfaceOrientationLandscapeRight";
				INFOPLIST_KEY_UISupportedInterfaceOrientations_iPhone = "UIInterfaceOrientationPortrait UIInterfaceOrientationLandscapeLeft UIInterfaceOrientationLandscapeRight";
				IPHONEOS_DEPLOYMENT_TARGET = 12.0;
				LD_RUNPATH_SEARCH_PATHS = (
					"$(inherited)",
					"@executable_path/Frameworks",
				);
				MARKETING_VERSION = 1.0;
				PRODUCT_BUNDLE_IDENTIFIER = com.DoubleFrameworkTest.www.mediapipe.DoubleFrameworkTest;
				PRODUCT_NAME = "$(TARGET_NAME)";
				SWIFT_EMIT_LOC_STRINGS = YES;
				TARGETED_DEVICE_FAMILY = "1,2";
			};
			name = Debug;
		};
		EFAF860429531C0C0074E425 /* Release */ = {
			isa = XCBuildConfiguration;
			buildSettings = {
				ASSETCATALOG_COMPILER_APPICON_NAME = AppIcon;
				ASSETCATALOG_COMPILER_GLOBAL_ACCENT_COLOR_NAME = AccentColor;
				CODE_SIGN_STYLE = Automatic;
				CURRENT_PROJECT_VERSION = 1;
				DEVELOPMENT_TEAM = HCLZN9YYR4;
				FRAMEWORK_SEARCH_PATHS = (
					"$(inherited)",
					"$(PROJECT_DIR)/DoubleFrameworkTest",
				);
				GENERATE_INFOPLIST_FILE = YES;
				INFOPLIST_FILE = DoubleFrameworkTest/Info.plist;
				INFOPLIST_KEY_UIApplicationSupportsIndirectInputEvents = YES;
				INFOPLIST_KEY_UILaunchStoryboardName = LaunchScreen;
				INFOPLIST_KEY_UIMainStoryboardFile = Main;
				INFOPLIST_KEY_UISupportedInterfaceOrientations_iPad = "UIInterfaceOrientationPortrait UIInterfaceOrientationPortraitUpsideDown UIInterfaceOrientationLandscapeLeft UIInterfaceOrientationLandscapeRight";
				INFOPLIST_KEY_UISupportedInterfaceOrientations_iPhone = "UIInterfaceOrientationPortrait UIInterfaceOrientationLandscapeLeft UIInterfaceOrientationLandscapeRight";
				IPHONEOS_DEPLOYMENT_TARGET = 12.0;
				LD_RUNPATH_SEARCH_PATHS = (
					"$(inherited)",
					"@executable_path/Frameworks",
				);
				MARKETING_VERSION = 1.0;
				PRODUCT_BUNDLE_IDENTIFIER = com.DoubleFrameworkTest.www.mediapipe.DoubleFrameworkTest;
				PRODUCT_NAME = "$(TARGET_NAME)";
				SWIFT_EMIT_LOC_STRINGS = YES;
				TARGETED_DEVICE_FAMILY = "1,2";
			};
			name = Release;
		};
/* End XCBuildConfiguration section */

/* Begin XCConfigurationList section */
		EFAF85E429531C0A0074E425 /* Build configuration list for PBXProject "DoubleFrameworkTest" */ = {
			isa = XCConfigurationList;
			buildConfigurations = (
				EFAF860029531C0C0074E425 /* Debug */,
				EFAF860129531C0C0074E425 /* Release */,
			);
			defaultConfigurationIsVisible = 0;
			defaultConfigurationName = Release;
		};
		EFAF860229531C0C0074E425 /* Build configuration list for PBXNativeTarget "DoubleFrameworkTest" */ = {
			isa = XCConfigurationList;
			buildConfigurations = (
				EFAF860329531C0C0074E425 /* Debug */,
				EFAF860429531C0C0074E425 /* Release */,
			);
			defaultConfigurationIsVisible = 0;
			defaultConfigurationName = Release;
		};
/* End XCConfigurationList section */
	};
	rootObject = EFAF85E129531C0A0074E425 /* Project object */;
}
